
Microsoft Visual Studio Solution File, Format Version 12.00
# Visual Studio Version 16
VisualStudioVersion = 16.0.31112.23
MinimumVisualStudioVersion = 10.0.40219.1
Project("{FAE04EC0-301F-11D3-BF4B-00C04F79EFBC}") = "Pokedex.Api", "Pokedex.Api\Pokedex.Api.csproj", "{01DF50A4-AC35-4332-B08F-9EE0ED709E1D}"
EndProject
Project("{FAE04EC0-301F-11D3-BF4B-00C04F79EFBC}") = "Pokedex.UnitTest", "Pokedex.UnitTest\Pokedex.UnitTest.csproj", "{8EE2B596-7133-4120-BD5D-7D65AC244A31}"
EndProject
Global
	GlobalSection(SolutionConfigurationPlatforms) = preSolution
		Debug|Any CPU = Debug|Any CPU
		Release|Any CPU = Release|Any CPU
	EndGlobalSection
	GlobalSection(ProjectConfigurationPlatforms) = postSolution
		{01DF50A4-AC35-4332-B08F-9EE0ED709E1D}.Debug|Any CPU.ActiveCfg = Debug|Any CPU
		{01DF50A4-AC35-4332-B08F-9EE0ED709E1D}.Debug|Any CPU.Build.0 = Debug|Any CPU
		{01DF50A4-AC35-4332-B08F-9EE0ED709E1D}.Release|Any CPU.ActiveCfg = Release|Any CPU
		{01DF50A4-AC35-4332-B08F-9EE0ED709E1D}.Release|Any CPU.Build.0 = Release|Any CPU
		{8EE2B596-7133-4120-BD5D-7D65AC244A31}.Debug|Any CPU.ActiveCfg = Debug|Any CPU
		{8EE2B596-7133-4120-BD5D-7D65AC244A31}.Debug|Any CPU.Build.0 = Debug|Any CPU
		{8EE2B596-7133-4120-BD5D-7D65AC244A31}.Release|Any CPU.ActiveCfg = Release|Any CPU
		{8EE2B596-7133-4120-BD5D-7D65AC244A31}.Release|Any CPU.Build.0 = Release|Any CPU
	EndGlobalSection
	GlobalSection(SolutionProperties) = preSolution
		HideSolutionNode = FALSE
	EndGlobalSection
	GlobalSection(ExtensibilityGlobals) = postSolution
		SolutionGuid = {8D19D5E4-1320-4B61-A52D-FC1C410F8F62}
	EndGlobalSection
EndGlobal
